# This file was autogenerated by Stack.
# You should not edit this file by hand.
# For more information, please see the documentation at:
#   https://docs.haskellstack.org/en/stable/topics/lock_files

packages:
- completed:
    hackage: testcontainers-0.5.3.0@sha256:1708ea94f6697b34e4e6621abb61be4418084bd08e5898e38b03c76744473c0a,2563
    pantry-tree:
      sha256: d7ec54cf7fd5880ba543afea5343dd99f022a3c8e9484f36269dfb522b6853d4
      size: 1470
  original:
    hackage: testcontainers-0.5.3.0@sha256:1708ea94f6697b34e4e6621abb61be4418084bd08e5898e38b03c76744473c0a,2563
snapshots:
- completed:
    sha256: 655e468f774beee1badf07dc4c45fb50288d5c66ce7bef6f487b7f92891a90b0
    size: 728965
    url: https://raw.githubusercontent.com/commercialhaskell/stackage-snapshots/master/lts/24/37.yaml
  original: lts-24.37
