# This file was autogenerated by Stack.
# You should not edit this file by hand.
# For more information, please see the documentation at:
#   https://docs.haskellstack.org/en/stable/lock_files

packages:
- completed:
    hackage: snap-loader-static-1.0.0.1@sha256:d2d333ccdde98743cfb832822563caec062bb32f0821f6773c5f790450bdb2cb,1172
    pantry-tree:
      sha256: a9946748bafe468712a0569d45dbdb5bc71782d615be062754f3a7966a75c10a
      size: 383
  original:
    hackage: snap-loader-static-1.0.0.1
- completed:
    hackage: snap-server-1.1.2.1@sha256:8ea05b9b068c1e86be77073107eadc177d7eec93724963c063877478a062b229,15471
    pantry-tree:
      sha256: ddeae933a2dfb19eebe466b1be5014b002154f18624e654086b13fe4bb56c0fd
      size: 3313
  original:
    hackage: snap-server-1.1.2.1@sha256:8ea05b9b068c1e86be77073107eadc177d7eec93724963c063877478a062b229,15471
- completed:
    hackage: snap-1.1.3.3@sha256:24ba77345d3ac991e98c3d0fd66d0ee52f2f78c6041d3e3476e98ba3355f21b2,8514
    pantry-tree:
      sha256: 3d59117bd08a81511d997e0c89edf10a74af8b462706bcb960f9ae4e6f10d79b
      size: 5795
  original:
    hackage: snap-1.1.3.3@sha256:24ba77345d3ac991e98c3d0fd66d0ee52f2f78c6041d3e3476e98ba3355f21b2,8514
snapshots:
- completed:
    sha256: 23bb9bb355bfdb1635252e120a29b712f0d5e8a6c6a65c5ab5bd6692f46c438e
    size: 640457
    url: https://raw.githubusercontent.com/commercialhaskell/stackage-snapshots/master/lts/21/7.yaml
  original: lts-21.7
